// !$*UTF8*$!
{
	archiveVersion = 1;
	classes = {
	};
	objectVersion = 55;
	objects = {

/* Begin PBXBuildFile section */
		29DB98FE0842739C6AFF0D2C /* Pods_CreditCard.framework in Frameworks */ = {isa = PBXBuildFile; fileRef = CF7321BAB9286FFDD0D2B3EB /* Pods_CreditCard.framework */; };
		DE14DCB2278D649400F817C0 /* CreditCardDummy.swift in Sources */ = {isa = PBXBuildFile; fileRef = DE14DCB1278D649400F817C0 /* CreditCardDummy.swift */; };
		DE5442CE278C07850004E18B /* AppDelegate.swift in Sources */ = {isa = PBXBuildFile; fileRef = DE5442CD278C07850004E18B /* AppDelegate.swift */; };
		DE5442D0278C07850004E18B /* SceneDelegate.swift in Sources */ = {isa = PBXBuildFile; fileRef = DE5442CF278C07850004E18B /* SceneDelegate.swift */; };
		DE5442D5278C07850004E18B /* Main.storyboard in Resources */ = {isa = PBXBuildFile; fileRef = DE5442D3278C07850004E18B /* Main.storyboard */; };
		DE5442D7278C07860004E18B /* Assets.xcassets in Resources */ = {isa = PBXBuildFile; fileRef = DE5442D6278C07860004E18B /* Assets.xcassets */; };
		DE5442DA278C07860004E18B /* LaunchScreen.storyboard in Resources */ = {isa = PBXBuildFile; fileRef = DE5442D8278C07860004E18B /* LaunchScreen.storyboard */; };
		DE5442E2278C07CA0004E18B /* CardListViewController.swift in Sources */ = {isa = PBXBuildFile; fileRef = DE5442E1278C07CA0004E18B /* CardListViewController.swift */; };
		DE5442E4278C08500004E18B /* CreditCard.swift in Sources */ = {isa = PBXBuildFile; fileRef = DE5442E3278C08500004E18B /* CreditCard.swift */; };
		DE5442E7278C090C0004E18B /* CardListCell.swift in Sources */ = {isa = PBXBuildFile; fileRef = DE5442E5278C090C0004E18B /* CardListCell.swift */; };
		DE5442E8278C090C0004E18B /* CardListCell.xib in Resources */ = {isa = PBXBuildFile; fileRef = DE5442E6278C090C0004E18B /* CardListCell.xib */; };
		DE5442EA278C0D6C0004E18B /* CardDetailViewController.swift in Sources */ = {isa = PBXBuildFile; fileRef = DE5442E9278C0D6C0004E18B /* CardDetailViewController.swift */; };
		DE5442EC278C0EC60004E18B /* money.json in Resources */ = {isa = PBXBuildFile; fileRef = DE5442EB278C0EC60004E18B /* money.json */; };
		DE5442EE278C13AA0004E18B /* GoogleService-Info.plist in Resources */ = {isa = PBXBuildFile; fileRef = DE5442ED278C13AA0004E18B /* GoogleService-Info.plist */; };
/* End PBXBuildFile section */

/* Begin PBXFileReference section */
		9A9FE5D15649228284BE42BD /* Pods-CreditCard.release.xcconfig */ = {isa = PBXFileReference; includeInIndex = 1; lastKnownFileType = text.xcconfig; name = "Pods-CreditCard.release.xcconfig"; path = "Target Support Files/Pods-CreditCard/Pods-CreditCard.release.xcconfig"; sourceTree = "<group>"; };
		CF7321BAB9286FFDD0D2B3EB /* Pods_CreditCard.framework */ = {isa = PBXFileReference; explicitFileType = wrapper.framework; includeInIndex = 0; path = Pods_CreditCard.framework; sourceTree = BUILT_PRODUCTS_DIR; };
		DE14DCB1278D649400F817C0 /* CreditCardDummy.swift */ = {isa = PBXFileReference; fileEncoding = 4; lastKnownFileType = sourcecode.swift; path = CreditCardDummy.swift; sourceTree = "<group>"; };
		DE5442CA278C07850004E18B /* CreditCard.app */ = {isa = PBXFileReference; explicitFileType = wrapper.application; includeInIndex = 0; path = CreditCard.app; sourceTree = BUILT_PRODUCTS_DIR; };
		DE5442CD278C07850004E18B /* AppDelegate.swift */ = {isa = PBXFileReference; lastKnownFileType = sourcecode.swift; path = AppDelegate.swift; sourceTree = "<group>"; };
		DE5442CF278C07850004E18B /* SceneDelegate.swift */ = {isa = PBXFileReference; lastKnownFileType = sourcecode.swift; path = SceneDelegate.swift; sourceTree = "<group>"; };
		DE5442D4278C07850004E18B /* Base */ = {isa = PBXFileReference; lastKnownFileType = file.storyboard; name = Base; path = Base.lproj/Main.storyboard; sourceTree = "<group>"; };
		DE5442D6278C07860004E18B /* Assets.xcassets */ = {isa = PBXFileReference; lastKnownFileType = folder.assetcatalog; path = Assets.xcassets; sourceTree = "<group>"; };
		DE5442D9278C07860004E18B /* Base */ = {isa = PBXFileReference; lastKnownFileType = file.storyboard; name = Base; path = Base.lproj/LaunchScreen.storyboard; sourceTree = "<group>"; };
		DE5442DB278C07860004E18B /* Info.plist */ = {isa = PBXFileReference; lastKnownFileType = text.plist.xml; path = Info.plist; sourceTree = "<group>"; };
		DE5442E1278C07CA0004E18B /* CardListViewController.swift */ = {isa = PBXFileReference; lastKnownFileType = sourcecode.swift; path = CardListViewController.swift; sourceTree = "<group>"; };
		DE5442E3278C08500004E18B /* CreditCard.swift */ = {isa = PBXFileReference; lastKnownFileType = sourcecode.swift; path = CreditCard.swift; sourceTree = "<group>"; };
		DE5442E5278C090C0004E18B /* CardListCell.swift */ = {isa = PBXFileReference; lastKnownFileType = sourcecode.swift; path = CardListCell.swift; sourceTree = "<group>"; };
		DE5442E6278C090C0004E18B /* CardListCell.xib */ = {isa = PBXFileReference; lastKnownFileType = file.xib; path = CardListCell.xib; sourceTree = "<group>"; };
		DE5442E9278C0D6C0004E18B /* CardDetailViewController.swift */ = {isa = PBXFileReference; lastKnownFileType = sourcecode.swift; path = CardDetailViewController.swift; sourceTree = "<group>"; };
		DE5442EB278C0EC60004E18B /* money.json */ = {isa = PBXFileReference; fileEncoding = 4; lastKnownFileType = text.json; path = money.json; sourceTree = "<group>"; };
		DE5442ED278C13AA0004E18B /* GoogleService-Info.plist */ = {isa = PBXFileReference; fileEncoding = 4; lastKnownFileType = text.plist.xml; path = "GoogleService-Info.plist"; sourceTree = "<group>"; };
		FE89B9A6E9800380DC6654FB /* Pods-CreditCard.debug.xcconfig */ = {isa = PBXFileReference; includeInIndex = 1; lastKnownFileType = text.xcconfig; name = "Pods-CreditCard.debug.xcconfig"; path = "Target Support Files/Pods-CreditCard/Pods-CreditCard.debug.xcconfig"; sourceTree = "<group>"; };
/* End PBXFileReference section */

/* Begin PBXFrameworksBuildPhase section */
		DE5442C7278C07850004E18B /* Frameworks */ = {
			isa = PBXFrameworksBuildPhase;
			buildActionMask = 2147483647;
			files = (
				29DB98FE0842739C6AFF0D2C /* Pods_CreditCard.framework in Frameworks */,
			);
			runOnlyForDeploymentPostprocessing = 0;
		};
/* End PBXFrameworksBuildPhase section */

/* Begin PBXGroup section */
		68F1F0994B34B371C1601784 /* Pods */ = {
			isa = PBXGroup;
			children = (
				FE89B9A6E9800380DC6654FB /* Pods-CreditCard.debug.xcconfig */,
				9A9FE5D15649228284BE42BD /* Pods-CreditCard.release.xcconfig */,
			);
			path = Pods;
			sourceTree = "<group>";
		};
		B7A4FBF0C300F0AE69149158 /* Frameworks */ = {
			isa = PBXGroup;
			children = (
				CF7321BAB9286FFDD0D2B3EB /* Pods_CreditCard.framework */,
			);
			name = Frameworks;
			sourceTree = "<group>";
		};
		DE5442C1278C07850004E18B = {
			isa = PBXGroup;
			children = (
				DE5442CC278C07850004E18B /* CreditCard */,
				DE5442CB278C07850004E18B /* Products */,
				68F1F0994B34B371C1601784 /* Pods */,
				B7A4FBF0C300F0AE69149158 /* Frameworks */,
			);
			sourceTree = "<group>";
		};
		DE5442CB278C07850004E18B /* Products */ = {
			isa = PBXGroup;
			children = (
				DE5442CA278C07850004E18B /* CreditCard.app */,
			);
			name = Products;
			sourceTree = "<group>";
		};
		DE5442CC278C07850004E18B /* CreditCard */ = {
			isa = PBXGroup;
			children = (
				DE5442EB278C0EC60004E18B /* money.json */,
				DE14DCB1278D649400F817C0 /* CreditCardDummy.swift */,
				DE5442CD278C07850004E18B /* AppDelegate.swift */,
				DE5442CF278C07850004E18B /* SceneDelegate.swift */,
				DE5442D3278C07850004E18B /* Main.storyboard */,
				DE5442E3278C08500004E18B /* CreditCard.swift */,
				DE5442E5278C090C0004E18B /* CardListCell.swift */,
				DE5442E6278C090C0004E18B /* CardListCell.xib */,
				DE5442E1278C07CA0004E18B /* CardListViewController.swift */,
				DE5442E9278C0D6C0004E18B /* CardDetailViewController.swift */,
				DE5442D6278C07860004E18B /* Assets.xcassets */,
				DE5442D8278C07860004E18B /* LaunchScreen.storyboard */,
				DE5442DB278C07860004E18B /* Info.plist */,
				DE5442ED278C13AA0004E18B /* GoogleService-Info.plist */,
			);
			path = CreditCard;
			sourceTree = "<group>";
		};
/* End PBXGroup section */

/* Begin PBXNativeTarget section */
		DE5442C9278C07850004E18B /* CreditCard */ = {
			isa = PBXNativeTarget;
			buildConfigurationList = DE5442DE278C07860004E18B /* Build configuration list for PBXNativeTarget "CreditCard" */;
			buildPhases = (
				BF60B9EB903D3454009886E5 /* [CP] Check Pods Manifest.lock */,
				DE5442C6278C07850004E18B /* Sources */,
				DE5442C7278C07850004E18B /* Frameworks */,
				DE5442C8278C07850004E18B /* Resources */,
				1703EAFB8F77DB223427BD51 /* [CP] Embed Pods Frameworks */,
			);
			buildRules = (
			);
			dependencies = (
			);
			name = CreditCard;
			productName = CreditCard;
			productReference = DE5442CA278C07850004E18B /* CreditCard.app */;
			productType = "com.apple.product-type.application";
		};
/* End PBXNativeTarget section */

/* Begin PBXProject section */
		DE5442C2278C07850004E18B /* Project object */ = {
			isa = PBXProject;
			attributes = {
				BuildIndependentTargetsInParallel = 1;
				LastSwiftUpdateCheck = 1320;
				LastUpgradeCheck = 1320;
				TargetAttributes = {
					DE5442C9278C07850004E18B = {
						CreatedOnToolsVersion = 13.2.1;
					};
				};
			};
			buildConfigurationList = DE5442C5278C07850004E18B /* Build configuration list for PBXProject "CreditCard" */;
			compatibilityVersion = "Xcode 13.0";
			developmentRegion = en;
			hasScannedForEncodings = 0;
			knownRegions = (
				en,
				Base,
			);
			mainGroup = DE5442C1278C07850004E18B;
			productRefGroup = DE5442CB278C07850004E18B /* Products */;
			projectDirPath = "";
			projectRoot = "";
			targets = (
				DE5442C9278C07850004E18B /* CreditCard */,
			);
		};
/* End PBXProject section */

/* Begin PBXResourcesBuildPhase section */
		DE5442C8278C07850004E18B /* Resources */ = {
			isa = PBXResourcesBuildPhase;
			buildActionMask = 2147483647;
			files = (
				DE5442DA278C07860004E18B /* LaunchScreen.storyboard in Resources */,
				DE5442D7278C07860004E18B /* Assets.xcassets in Resources */,
				DE5442EC278C0EC60004E18B /* money.json in Resources */,
				DE5442D5278C07850004E18B /* Main.storyboard in Resources */,
				DE5442E8278C090C0004E18B /* CardListCell.xib in Resources */,
				DE5442EE278C13AA0004E18B /* GoogleService-Info.plist in Resources */,
			);
			runOnlyForDeploymentPostprocessing = 0;
		};
/* End PBXResourcesBuildPhase section */

/* Begin PBXShellScriptBuildPhase section */
		1703EAFB8F77DB223427BD51 /* [CP] Embed Pods Frameworks */ = {
			isa = PBXShellScriptBuildPhase;
			buildActionMask = 2147483647;
			files = (
			);
			inputFileListPaths = (
				"${PODS_ROOT}/Target Support Files/Pods-CreditCard/Pods-CreditCard-frameworks-${CONFIGURATION}-input-files.xcfilelist",
			);
			name = "[CP] Embed Pods Frameworks";
			outputFileListPaths = (
				"${PODS_ROOT}/Target Support Files/Pods-CreditCard/Pods-CreditCard-frameworks-${CONFIGURATION}-output-files.xcfilelist",
			);
			runOnlyForDeploymentPostprocessing = 0;
			shellPath = /bin/sh;
			shellScript = "\"${PODS_ROOT}/Target Support Files/Pods-CreditCard/Pods-CreditCard-frameworks.sh\"\n";
			showEnvVarsInLog = 0;
		};
		BF60B9EB903D3454009886E5 /* [CP] Check Pods Manifest.lock */ = {
			isa = PBXShellScriptBuildPhase;
			buildActionMask = 2147483647;
			files = (
			);
			inputFileListPaths = (
			);
			inputPaths = (
				"${PODS_PODFILE_DIR_PATH}/Podfile.lock",
				"${PODS_ROOT}/Manifest.lock",
			);
			name = "[CP] Check Pods Manifest.lock";
			outputFileListPaths = (
			);
			outputPaths = (
				"$(DERIVED_FILE_DIR)/Pods-CreditCard-checkManifestLockResult.txt",
			);
			runOnlyForDeploymentPostprocessing = 0;
			shellPath = /bin/sh;
			shellScript = "diff \"${PODS_PODFILE_DIR_PATH}/Podfile.lock\" \"${PODS_ROOT}/Manifest.lock\" > /dev/null\nif [ $? != 0 ] ; then\n    # print error to STDERR\n    echo \"error: The sandbox is not in sync with the Podfile.lock. Run 'pod install' or update your CocoaPods installation.\" >&2\n    exit 1\nfi\n# This output is used by Xcode 'outputs' to avoid re-running this script phase.\necho \"SUCCESS\" > \"${SCRIPT_OUTPUT_FILE_0}\"\n";
			showEnvVarsInLog = 0;
		};
/* End PBXShellScriptBuildPhase section */

/* Begin PBXSourcesBuildPhase section */
		DE5442C6278C07850004E18B /* Sources */ = {
			isa = PBXSourcesBuildPhase;
			buildActionMask = 2147483647;
			files = (
				DE5442E4278C08500004E18B /* CreditCard.swift in Sources */,
				DE5442EA278C0D6C0004E18B /* CardDetailViewController.swift in Sources */,
				DE5442E7278C090C0004E18B /* CardListCell.swift in Sources */,
				DE5442E2278C07CA0004E18B /* CardListViewController.swift in Sources */,
				DE14DCB2278D649400F817C0 /* CreditCardDummy.swift in Sources */,
				DE5442CE278C07850004E18B /* AppDelegate.swift in Sources */,
				DE5442D0278C07850004E18B /* SceneDelegate.swift in Sources */,
			);
			runOnlyForDeploymentPostprocessing = 0;
		};
/* End PBXSourcesBuildPhase section */

/* Begin PBXVariantGroup section */
		DE5442D3278C07850004E18B /* Main.storyboard */ = {
			isa = PBXVariantGroup;
			children = (
				DE5442D4278C07850004E18B /* Base */,
			);
			name = Main.storyboard;
			sourceTree = "<group>";
		};
		DE5442D8278C07860004E18B /* LaunchScreen.storyboard */ = {
			isa = PBXVariantGroup;
			children = (
				DE5442D9278C07860004E18B /* Base */,
			);
			name = LaunchScreen.storyboard;
			sourceTree = "<group>";
		};
/* End PBXVariantGroup section */

/* Begin XCBuildConfiguration section */
		DE5442DC278C07860004E18B /* Debug */ = {
			isa = XCBuildConfiguration;
			buildSettings = {
				ALWAYS_SEARCH_USER_PATHS = NO;
				CLANG_ANALYZER_NONNULL = YES;
				CLANG_ANALYZER_NUMBER_OBJECT_CONVERSION = YES_AGGRESSIVE;
				CLANG_CXX_LANGUAGE_STANDARD = "gnu++17";
				CLANG_CXX_LIBRARY = "libc++";
				CLANG_ENABLE_MODULES = YES;
				CLANG_ENABLE_OBJC_ARC = YES;
				CLANG_ENABLE_OBJC_WEAK = YES;
				CLANG_WARN_BLOCK_CAPTURE_AUTORELEASING = YES;
				CLANG_WARN_BOOL_CONVERSION = YES;
				CLANG_WARN_COMMA = YES;
				CLANG_WARN_CONSTANT_CONVERSION = YES;
				CLANG_WARN_DEPRECATED_OBJC_IMPLEMENTATIONS = YES;
				CLANG_WARN_DIRECT_OBJC_ISA_USAGE = YES_ERROR;
				CLANG_WARN_DOCUMENTATION_COMMENTS = YES;
				CLANG_WARN_EMPTY_BODY = YES;
				CLANG_WARN_ENUM_CONVERSION = YES;
				CLANG_WARN_INFINITE_RECURSION = YES;
				CLANG_WARN_INT_CONVERSION = YES;
				CLANG_WARN_NON_LITERAL_NULL_CONVERSION = YES;
				CLANG_WARN_OBJC_IMPLICIT_RETAIN_SELF = YES;
				CLANG_WARN_OBJC_LITERAL_CONVERSION = YES;
				CLANG_WARN_OBJC_ROOT_CLASS = YES_ERROR;
				CLANG_WARN_QUOTED_INCLUDE_IN_FRAMEWORK_HEADER = YES;
				CLANG_WARN_RANGE_LOOP_ANALYSIS = YES;
				CLANG_WARN_STRICT_PROTOTYPES = YES;
				CLANG_WARN_SUSPICIOUS_MOVE = YES;
				CLANG_WARN_UNGUARDED_AVAILABILITY = YES_AGGRESSIVE;
				CLANG_WARN_UNREACHABLE_CODE = YES;
				CLANG_WARN__DUPLICATE_METHOD_MATCH = YES;
				COPY_PHASE_STRIP = NO;
				DEBUG_INFORMATION_FORMAT = dwarf;
				ENABLE_STRICT_OBJC_MSGSEND = YES;
				ENABLE_TESTABILITY = YES;
				GCC_C_LANGUAGE_STANDARD = gnu11;
				GCC_DYNAMIC_NO_PIC = NO;
				GCC_NO_COMMON_BLOCKS = YES;
				GCC_OPTIMIZATION_LEVEL = 0;
				GCC_PREPROCESSOR_DEFINITIONS = (
					"DEBUG=1",
					"$(inherited)",
				);
				GCC_WARN_64_TO_32_BIT_CONVERSION = YES;
				GCC_WARN_ABOUT_RETURN_TYPE = YES_ERROR;
				GCC_WARN_UNDECLARED_SELECTOR = YES;
				GCC_WARN_UNINITIALIZED_AUTOS = YES_AGGRESSIVE;
				GCC_WARN_UNUSED_FUNCTION = YES;
				GCC_WARN_UNUSED_VARIABLE = YES;
				IPHONEOS_DEPLOYMENT_TARGET = 15.2;
				MTL_ENABLE_DEBUG_INFO = INCLUDE_SOURCE;
				MTL_FAST_MATH = YES;
				ONLY_ACTIVE_ARCH = YES;
				SDKROOT = iphoneos;
				SWIFT_ACTIVE_COMPILATION_CONDITIONS = DEBUG;
				SWIFT_OPTIMIZATION_LEVEL = "-Onone";
			};
			name = Debug;
		};
		DE5442DD278C07860004E18B /* Release */ = {
			isa = XCBuildConfiguration;
			buildSettings = {
				ALWAYS_SEARCH_USER_PATHS = NO;
				CLANG_ANALYZER_NONNULL = YES;
				CLANG_ANALYZER_NUMBER_OBJECT_CONVERSION = YES_AGGRESSIVE;
				CLANG_CXX_LANGUAGE_STANDARD = "gnu++17";
				CLANG_CXX_LIBRARY = "libc++";
				CLANG_ENABLE_MODULES = YES;
				CLANG_ENABLE_OBJC_ARC = YES;
				CLANG_ENABLE_OBJC_WEAK = YES;
				CLANG_WARN_BLOCK_CAPTURE_AUTORELEASING = YES;
				CLANG_WARN_BOOL_CONVERSION = YES;
				CLANG_WARN_COMMA = YES;
				CLANG_WARN_CONSTANT_CONVERSION = YES;
				CLANG_WARN_DEPRECATED_OBJC_IMPLEMENTATIONS = YES;
				CLANG_WARN_DIRECT_OBJC_ISA_USAGE = YES_ERROR;
				CLANG_WARN_DOCUMENTATION_COMMENTS = YES;
				CLANG_WARN_EMPTY_BODY = YES;
				CLANG_WARN_ENUM_CONVERSION = YES;
				CLANG_WARN_INFINITE_RECURSION = YES;
				CLANG_WARN_INT_CONVERSION = YES;
				CLANG_WARN_NON_LITERAL_NULL_CONVERSION = YES;
				CLANG_WARN_OBJC_IMPLICIT_RETAIN_SELF = YES;
				CLANG_WARN_OBJC_LITERAL_CONVERSION = YES;
				CLANG_WARN_OBJC_ROOT_CLASS = YES_ERROR;
				CLANG_WARN_QUOTED_INCLUDE_IN_FRAMEWORK_HEADER = YES;
				CLANG_WARN_RANGE_LOOP_ANALYSIS = YES;
				CLANG_WARN_STRICT_PROTOTYPES = YES;
				CLANG_WARN_SUSPICIOUS_MOVE = YES;
				CLANG_WARN_UNGUARDED_AVAILABILITY = YES_AGGRESSIVE;
				CLANG_WARN_UNREACHABLE_CODE = YES;
				CLANG_WARN__DUPLICATE_METHOD_MATCH = YES;
				COPY_PHASE_STRIP = NO;
				DEBUG_INFORMATION_FORMAT = "dwarf-with-dsym";
				ENABLE_NS_ASSERTIONS = NO;
				ENABLE_STRICT_OBJC_MSGSEND = YES;
				GCC_C_LANGUAGE_STANDARD = gnu11;
				GCC_NO_COMMON_BLOCKS = YES;
				GCC_WARN_64_TO_32_BIT_CONVERSION = YES;
				GCC_WARN_ABOUT_RETURN_TYPE = YES_ERROR;
				GCC_WARN_UNDECLARED_SELECTOR = YES;
				GCC_WARN_UNINITIALIZED_AUTOS = YES_AGGRESSIVE;
				GCC_WARN_UNUSED_FUNCTION = YES;
				GCC_WARN_UNUSED_VARIABLE = YES;
				IPHONEOS_DEPLOYMENT_TARGET = 15.2;
				MTL_ENABLE_DEBUG_INFO = NO;
				MTL_FAST_MATH = YES;
				SDKROOT = iphoneos;
				SWIFT_COMPILATION_MODE = wholemodule;
				SWIFT_OPTIMIZATION_LEVEL = "-O";
				VALIDATE_PRODUCT = YES;
			};
			name = Release;
		};
		DE5442DF278C07860004E18B /* Debug */ = {
			isa = XCBuildConfiguration;
			baseConfigurationReference = FE89B9A6E9800380DC6654FB /* Pods-CreditCard.debug.xcconfig */;
			buildSettings = {
				ASSETCATALOG_COMPILER_APPICON_NAME = AppIcon;
				ASSETCATALOG_COMPILER_GLOBAL_ACCENT_COLOR_NAME = AccentColor;
				CODE_SIGN_STYLE = Automatic;
				CURRENT_PROJECT_VERSION = 1;
				DEVELOPMENT_TEAM = J74H985T9L;
				GENERATE_INFOPLIST_FILE = YES;
				INFOPLIST_FILE = CreditCard/Info.plist;
				INFOPLIST_KEY_UIApplicationSupportsIndirectInputEvents = YES;
				INFOPLIST_KEY_UILaunchStoryboardName = LaunchScreen;
				INFOPLIST_KEY_UIMainStoryboardFile = Main;
				INFOPLIST_KEY_UISupportedInterfaceOrientations_iPad = "UIInterfaceOrientationPortrait UIInterfaceOrientationPortraitUpsideDown UIInterfaceOrientationLandscapeLeft UIInterfaceOrientationLandscapeRight";
				INFOPLIST_KEY_UISupportedInterfaceOrientations_iPhone = "UIInterfaceOrientationPortrait UIInterfaceOrientationLandscapeLeft UIInterfaceOrientationLandscapeRight";
				LD_RUNPATH_SEARCH_PATHS = (
					"$(inherited)",
					"@executable_path/Frameworks",
				);
				MARKETING_VERSION = 1.0;
				PRODUCT_BUNDLE_IDENTIFIER = com.terry.CreditCard;
				PRODUCT_NAME = "$(TARGET_NAME)";
				SWIFT_EMIT_LOC_STRINGS = YES;
				SWIFT_VERSION = 5.0;
				TARGETED_DEVICE_FAMILY = "1,2";
			};
			name = Debug;
		};
		DE5442E0278C07860004E18B /* Release */ = {
			isa = XCBuildConfiguration;
			baseConfigurationReference = 9A9FE5D15649228284BE42BD /* Pods-CreditCard.release.xcconfig */;
			buildSettings = {
				ASSETCATALOG_COMPILER_APPICON_NAME = AppIcon;
				ASSETCATALOG_COMPILER_GLOBAL_ACCENT_COLOR_NAME = AccentColor;
				CODE_SIGN_STYLE = Automatic;
				CURRENT_PROJECT_VERSION = 1;
				DEVELOPMENT_TEAM = J74H985T9L;
				GENERATE_INFOPLIST_FILE = YES;
				INFOPLIST_FILE = CreditCard/Info.plist;
				INFOPLIST_KEY_UIApplicationSupportsIndirectInputEvents = YES;
				INFOPLIST_KEY_UILaunchStoryboardName = LaunchScreen;
				INFOPLIST_KEY_UIMainStoryboardFile = Main;
				INFOPLIST_KEY_UISupportedInterfaceOrientations_iPad = "UIInterfaceOrientationPortrait UIInterfaceOrientationPortraitUpsideDown UIInterfaceOrientationLandscapeLeft UIInterfaceOrientationLandscapeRight";
				INFOPLIST_KEY_UISupportedInterfaceOrientations_iPhone = "UIInterfaceOrientationPortrait UIInterfaceOrientationLandscapeLeft UIInterfaceOrientationLandscapeRight";
				LD_RUNPATH_SEARCH_PATHS = (
					"$(inherited)",
					"@executable_path/Frameworks",
				);
				MARKETING_VERSION = 1.0;
				PRODUCT_BUNDLE_IDENTIFIER = com.terry.CreditCard;
				PRODUCT_NAME = "$(TARGET_NAME)";
				SWIFT_EMIT_LOC_STRINGS = YES;
				SWIFT_VERSION = 5.0;
				TARGETED_DEVICE_FAMILY = "1,2";
			};
			name = Release;
		};
/* End XCBuildConfiguration section */

/* Begin XCConfigurationList section */
		DE5442C5278C07850004E18B /* Build configuration list for PBXProject "CreditCard" */ = {
			isa = XCConfigurationList;
			buildConfigurations = (
				DE5442DC278C07860004E18B /* Debug */,
				DE5442DD278C07860004E18B /* Release */,
			);
			defaultConfigurationIsVisible = 0;
			defaultConfigurationName = Release;
		};
		DE5442DE278C07860004E18B /* Build configuration list for PBXNativeTarget "CreditCard" */ = {
			isa = XCConfigurationList;
			buildConfigurations = (
				DE5442DF278C07860004E18B /* Debug */,
				DE5442E0278C07860004E18B /* Release */,
			);
			defaultConfigurationIsVisible = 0;
			defaultConfigurationName = Release;
		};
/* End XCConfigurationList section */
	};
	rootObject = DE5442C2278C07850004E18B /* Project object */;
}
